
Microsoft Visual Studio Solution File, Format Version 12.00
# Visual Studio Version 16
VisualStudioVersion = 16.0.28922.388
MinimumVisualStudioVersion = 10.0.40219.1
Project("{FAE04EC0-301F-11D3-BF4B-00C04F79EFBC}") = "022 Name Scores", "022 Name Scores.csproj", "{6FD69E9E-E19F-4B38-B04D-F062010C37EE}"
EndProject
Global
	GlobalSection(SolutionConfigurationPlatforms) = preSolution
		Debug|Any CPU = Debug|Any CPU
		Release|Any CPU = Release|Any CPU
	EndGlobalSection
	GlobalSection(ProjectConfigurationPlatforms) = postSolution
		{6FD69E9E-E19F-4B38-B04D-F062010C37EE}.Debug|Any CPU.ActiveCfg = Debug|Any CPU
		{6FD69E9E-E19F-4B38-B04D-F062010C37EE}.Debug|Any CPU.Build.0 = Debug|Any CPU
		{6FD69E9E-E19F-4B38-B04D-F062010C37EE}.Release|Any CPU.ActiveCfg = Release|Any CPU
		{6FD69E9E-E19F-4B38-B04D-F062010C37EE}.Release|Any CPU.Build.0 = Release|Any CPU
	EndGlobalSection
	GlobalSection(SolutionProperties) = preSolution
		HideSolutionNode = FALSE
	EndGlobalSection
	GlobalSection(ExtensibilityGlobals) = postSolution
		SolutionGuid = {C56546AD-7825-4048-9B65-4749D6A4C52A}
	EndGlobalSection
EndGlobal
