
Microsoft Visual Studio Solution File, Format Version 12.00
# Visual Studio Version 16
VisualStudioVersion = 16.0.28922.388
MinimumVisualStudioVersion = 10.0.40219.1
Project("{FAE04EC0-301F-11D3-BF4B-00C04F79EFBC}") = "012 Highly Divisible Triangle Number", "012 Highly Divisible Triangle Number.csproj", "{CE15A2E5-2C93-46FA-A35E-BA37F1C966B7}"
EndProject
Global
	GlobalSection(SolutionConfigurationPlatforms) = preSolution
		Debug|Any CPU = Debug|Any CPU
		Release|Any CPU = Release|Any CPU
	EndGlobalSection
	GlobalSection(ProjectConfigurationPlatforms) = postSolution
		{CE15A2E5-2C93-46FA-A35E-BA37F1C966B7}.Debug|Any CPU.ActiveCfg = Debug|Any CPU
		{CE15A2E5-2C93-46FA-A35E-BA37F1C966B7}.Debug|Any CPU.Build.0 = Debug|Any CPU
		{CE15A2E5-2C93-46FA-A35E-BA37F1C966B7}.Release|Any CPU.ActiveCfg = Release|Any CPU
		{CE15A2E5-2C93-46FA-A35E-BA37F1C966B7}.Release|Any CPU.Build.0 = Release|Any CPU
	EndGlobalSection
	GlobalSection(SolutionProperties) = preSolution
		HideSolutionNode = FALSE
	EndGlobalSection
	GlobalSection(ExtensibilityGlobals) = postSolution
		SolutionGuid = {75DB4AD3-E848-4028-A12C-E22E5024E3F3}
	EndGlobalSection
EndGlobal
