
Microsoft Visual Studio Solution File, Format Version 12.00
# Visual Studio Version 16
VisualStudioVersion = 16.0.28922.388
MinimumVisualStudioVersion = 10.0.40219.1
Project("{FAE04EC0-301F-11D3-BF4B-00C04F79EFBC}") = "zzz01 Reverse Collat Sequence", "zzz01 Reverse Collat Sequence.csproj", "{E1F62ED6-F8D4-44F8-A243-4FDFA61B7DBD}"
EndProject
Global
	GlobalSection(SolutionConfigurationPlatforms) = preSolution
		Debug|Any CPU = Debug|Any CPU
		Release|Any CPU = Release|Any CPU
	EndGlobalSection
	GlobalSection(ProjectConfigurationPlatforms) = postSolution
		{E1F62ED6-F8D4-44F8-A243-4FDFA61B7DBD}.Debug|Any CPU.ActiveCfg = Debug|Any CPU
		{E1F62ED6-F8D4-44F8-A243-4FDFA61B7DBD}.Debug|Any CPU.Build.0 = Debug|Any CPU
		{E1F62ED6-F8D4-44F8-A243-4FDFA61B7DBD}.Release|Any CPU.ActiveCfg = Release|Any CPU
		{E1F62ED6-F8D4-44F8-A243-4FDFA61B7DBD}.Release|Any CPU.Build.0 = Release|Any CPU
	EndGlobalSection
	GlobalSection(SolutionProperties) = preSolution
		HideSolutionNode = FALSE
	EndGlobalSection
	GlobalSection(ExtensibilityGlobals) = postSolution
		SolutionGuid = {53E8C775-373A-443B-B20E-BE5964FDEB15}
	EndGlobalSection
EndGlobal
