
Microsoft Visual Studio Solution File, Format Version 12.00
# Visual Studio Version 16
VisualStudioVersion = 16.0.28922.388
MinimumVisualStudioVersion = 10.0.40219.1
Project("{FAE04EC0-301F-11D3-BF4B-00C04F79EFBC}") = "016 Power Digit Sum", "016 Power Digit Sum.csproj", "{ED15B58A-19C4-4176-B158-1EBD296B9DDB}"
EndProject
Global
	GlobalSection(SolutionConfigurationPlatforms) = preSolution
		Debug|Any CPU = Debug|Any CPU
		Release|Any CPU = Release|Any CPU
	EndGlobalSection
	GlobalSection(ProjectConfigurationPlatforms) = postSolution
		{ED15B58A-19C4-4176-B158-1EBD296B9DDB}.Debug|Any CPU.ActiveCfg = Debug|Any CPU
		{ED15B58A-19C4-4176-B158-1EBD296B9DDB}.Debug|Any CPU.Build.0 = Debug|Any CPU
		{ED15B58A-19C4-4176-B158-1EBD296B9DDB}.Release|Any CPU.ActiveCfg = Release|Any CPU
		{ED15B58A-19C4-4176-B158-1EBD296B9DDB}.Release|Any CPU.Build.0 = Release|Any CPU
	EndGlobalSection
	GlobalSection(SolutionProperties) = preSolution
		HideSolutionNode = FALSE
	EndGlobalSection
	GlobalSection(ExtensibilityGlobals) = postSolution
		SolutionGuid = {171C8190-E28F-4F24-A8D0-9BC86A43BCF1}
	EndGlobalSection
EndGlobal
